{
    "_readme": [
        "This file locks the dependencies of your project to a known state",
        "Read more about it at https://getcomposer.org/doc/01-basic-usage.md#installing-dependencies",
        "This file is @generated automatically"
    ],
    "content-hash": "a2ad96692c691419bc5523caa525a963",
    "packages": [
        {
            "name": "marcl/amazonproductapi",
            "version": "3.0.2",
            "source": {
                "type": "git",
                "url": "https://github.com/MarcL/AmazonProductAPI.git",
                "reference": "987f5d9487076ff623291985b81eecbe3b077c29"
            },
            "dist": {
                "type": "zip",
                "url": "https://api.github.com/repos/MarcL/AmazonProductAPI/zipball/987f5d9487076ff623291985b81eecbe3b077c29",
                "reference": "987f5d9487076ff623291985b81eecbe3b077c29",
                "shasum": ""
            },
            "require-dev": {
                "phpunit/phpunit": "6.1.*"
            },
            "type": "library",
            "autoload": {
                "psr-4": {
                    "MarcL\\": "src/"
                }
            },
            "notification-url": "https://packagist.org/downloads/",
            "license": [
                "MIT"
            ],
            "authors": [
                {
                    "name": "Marc Littlemore",
                    "email": "marc@marclittlemore.com",
                    "homepage": "http://www.marclittlemore.com",
                    "role": "Developer"
                }
            ],
            "description": "PHP library to perform product lookup and searches using the Amazon Product API.",
            "homepage": "https://github.com/MarcL/AmazonProductAPI/",
            "keywords": [
                "amazon",
                "api",
                "product"
            ],
            "time": "2017-11-06T22:28:16+00:00"
        }
    ],
    "packages-dev": [],
    "aliases": [],
    "minimum-stability": "stable",
    "stability-flags": [],
    "prefer-stable": false,
    "prefer-lowest": false,
    "platform": [],
    "platform-dev": []
}
